<?xml version="1.0" encoding="utf-8"?>
<Project ToolsVersion="4.0" xmlns="http://schemas.microsoft.com/developer/msbuild/2003">
  <ItemGroup>
    <Filter Include="Arquivos de Origem">
      <UniqueIdentifier>{4FC737F1-C7A5-4376-A066-2A32D752A2FF}</UniqueIdentifier>
      <Extensions>cpp;c;cc;cxx;c++;cppm;ixx;def;odl;idl;hpj;bat;asm;asmx</Extensions>
    </Filter>
    <Filter Include="Arquivos de Cabeçalho">
      <UniqueIdentifier>{93995380-89BD-4b04-88EB-625FBE52EBFB}</UniqueIdentifier>
      <Extensions>h;hh;hpp;hxx;h++;hm;inl;inc;ipp;xsd</Extensions>
    </Filter>
    <Filter Include="Arquivos de Recurso">
      <UniqueIdentifier>{67DA6AB6-F800-4c08-8B7A-83BB121AAD01}</UniqueIdentifier>
      <Extensions>rc;ico;cur;bmp;dlg;rc2;rct;bin;rgs;gif;jpg;jpeg;jpe;resx;tiff;tif;png;wav;mfcribbon-ms</Extensions>
    </Filter>
    <Filter Include="websocket">
      <UniqueIdentifier>{8afff77d-aca4-4c18-b50e-0fc9128109d0}</UniqueIdentifier>
    </Filter>
  </ItemGroup>
  <ItemGroup>
    <ClInclude Include="framework.h">
      <Filter>Arquivos de Cabeçalho</Filter>
    </ClInclude>
    <ClInclude Include="targetver.h">
      <Filter>Arquivos de Cabeçalho</Filter>
    </ClInclude>
    <ClInclude Include="Resource.h">
      <Filter>Arquivos de Cabeçalho</Filter>
    </ClInclude>
    <ClInclude Include="PythonHardwareMonitor.h">
      <Filter>Arquivos de Cabeçalho</Filter>
    </ClInclude>
    <ClInclude Include="ThreadSignal.h">
      <Filter>Arquivos de Cabeçalho</Filter>
    </ClInclude>
    <ClInclude Include="..\Simple-WebSocket-Server\client_ws.hpp">
      <Filter>websocket</Filter>
    </ClInclude>
    <ClInclude Include="..\Simple-WebSocket-Server\utility.hpp">
      <Filter>websocket</Filter>
    </ClInclude>
    <ClInclude Include="..\Simple-WebSocket-Server\status_code.hpp">
      <Filter>websocket</Filter>
    </ClInclude>
    <ClInclude Include="..\Simple-WebSocket-Server\server_wss.hpp">
      <Filter>websocket</Filter>
    </ClInclude>
    <ClInclude Include="..\Simple-WebSocket-Server\server_ws.hpp">
      <Filter>websocket</Filter>
    </ClInclude>
    <ClInclude Include="..\Simple-WebSocket-Server\crypto.hpp">
      <Filter>websocket</Filter>
    </ClInclude>
    <ClInclude Include="..\Simple-WebSocket-Server\client_wss.hpp">
      <Filter>websocket</Filter>
    </ClInclude>
  </ItemGroup>
  <ItemGroup>
    <ClCompile Include="PythonHardwareMonitor.cpp">
      <Filter>Arquivos de Origem</Filter>
    </ClCompile>
    <ClCompile Include="Hardware.cpp">
      <Filter>Arquivos de Origem</Filter>
    </ClCompile>
  </ItemGroup>
  <ItemGroup>
    <ResourceCompile Include="PythonHardwareMonitor.rc">
      <Filter>Arquivos de Recurso</Filter>
    </ResourceCompile>
    <ResourceCompile Include="NotificationIcon.ico">
      <Filter>Arquivos de Recurso</Filter>
    </ResourceCompile>
  </ItemGroup>
  <ItemGroup>
    <None Include="Hardware.h">
      <Filter>Arquivos de Cabeçalho</Filter>
    </None>
  </ItemGroup>
</Project>